dependencies:
  espressif/mdns:
    component_hash: 291732b5df4d181eb75eba9042799a508c4c124503a0c0573132a0a48d2e3fbe
    dependencies:
    - name: idf
      require: private
      version: '>=5.0'
    source:
      registry_url: https://components.espressif.com/
      type: service
    version: 1.11.2
  idf:
    source:
      type: idf
    version: 6.1.0
direct_dependencies:
- espressif/mdns
manifest_hash: 677a4586e48452372ef88bd1133a430c26ff6eaeabb669baff0c39c165dbf0a6
target: esp32s3
version: 3.0.0
